
Microsoft Visual Studio Solution File, Format Version 12.00
# Visual Studio Version 17
VisualStudioVersion = 17.8.34309.116
MinimumVisualStudioVersion = 10.0.40219.1
Project("{9A19103F-16F7-4668-BE54-9A1E7A4F7556}") = "BlazroServerMaster", "BlazroServerMaster.csproj", "{18C1621C-C3C9-486F-B22A-309A0BA90520}"
EndProject
Global
	GlobalSection(SolutionConfigurationPlatforms) = preSolution
		Debug|Any CPU = Debug|Any CPU
		Release|Any CPU = Release|Any CPU
	EndGlobalSection
	GlobalSection(ProjectConfigurationPlatforms) = postSolution
		{18C1621C-C3C9-486F-B22A-309A0BA90520}.Debug|Any CPU.ActiveCfg = Debug|Any CPU
		{18C1621C-C3C9-486F-B22A-309A0BA90520}.Debug|Any CPU.Build.0 = Debug|Any CPU
		{18C1621C-C3C9-486F-B22A-309A0BA90520}.Release|Any CPU.ActiveCfg = Release|Any CPU
		{18C1621C-C3C9-486F-B22A-309A0BA90520}.Release|Any CPU.Build.0 = Release|Any CPU
	EndGlobalSection
	GlobalSection(SolutionProperties) = preSolution
		HideSolutionNode = FALSE
	EndGlobalSection
	GlobalSection(ExtensibilityGlobals) = postSolution
		SolutionGuid = {2D2C756A-DD48-4579-A159-A191F10C9C1B}
	EndGlobalSection
EndGlobal
